# This file is generated by gogradle automatically, you should NEVER modify it manually.
---
apiVersion: "0.6.5"
dependencies:
  build:
  - vcs: "git"
    name: "github.com/julienschmidt/httprouter"
    commit: "975b5c4c7c21c0e3d2764200bf2aa8e34657ae6e"
    url: "https://github.com/julienschmidt/httprouter.git"
    transitive: false
  - vcs: "git"
    name: "gopkg.in/tomb.v2"
    commit: "d5d1b5820637886def9eef33e03a27a9f166942c"
    url: "https://gopkg.in/tomb.v2"
    transitive: false
  - vcs: "git"
    name: "golang.org/x/net"
    commit: "f5079bd7f6f74e23c4d65efa0f4ce14cbd6a3c0f"
    url: "https://go.googlesource.com/net"
    transitive: false
  - vcs: "git"
    name: "golang.org/x/crypto"
    commit: "27b9897dfcda296fc086003b6e46fca80a29512d"
    url: "https://go.googlesource.com/crypto"
    transitive: false
  - vcs: "git"
    name: "golang.org/x/tools"
    commit: "3da34b1b520a543128e8441cd2ffffc383111d03"
    url: "https://go.googlesource.com/tools"
    transitive: false
  - vcs: "git"
    name: "github.com/urfave/negroni"
    commit: "b52430c192a156df9ce64f249ccb551f0ff3467f"
    url: "https://github.com/urfave/negroni.git"
    transitive: false
  - vcs: "git"
    name: "gopkg.in/mgo.v2"
    commit: "3f83fa5005286a7fe593b055f0d7771a7dce4655"
    url: "https://gopkg.in/mgo.v2"
    transitive: false
  - vcs: "git"
    name: "golang.org/x/text"
    commit: "836efe42bb4aa16aaa17b9c155d8813d336ed720"
    url: "https://go.googlesource.com/text"
    transitive: false
  test:
  - vcs: "git"
    name: "github.com/stretchr/testify"
    commit: "05e8a0eda380579888eb53c394909df027f06991"
    url: "https://github.com/stretchr/testify.git"
    transitive: false
  - name: "github.com/pmezard/go-difflib"
    host:
      name: "github.com/stretchr/testify"
      commit: "05e8a0eda380579888eb53c394909df027f06991"
      url: "https://github.com/stretchr/testify.git"
      vcs: "git"
    vendorPath: "vendor/github.com/pmezard/go-difflib"
    transitive: false
  - name: "github.com/davecgh/go-spew"
    host:
      name: "github.com/stretchr/testify"
      commit: "05e8a0eda380579888eb53c394909df027f06991"
      url: "https://github.com/stretchr/testify.git"
      vcs: "git"
    vendorPath: "vendor/github.com/davecgh/go-spew"
    transitive: false
  - name: "github.com/stretchr/objx"
    host:
      name: "github.com/stretchr/testify"
      commit: "05e8a0eda380579888eb53c394909df027f06991"
      url: "https://github.com/stretchr/testify.git"
      vcs: "git"
    vendorPath: "vendor/github.com/stretchr/objx"
    transitive: false
